{
  "nodes": {
    "home-manager": {
      "inputs": {
        "nixpkgs": [
          "nixpkgs"
        ]
      },
      "locked": {
        "lastModified": 1750256996,
        "narHash": "sha256-xPH4tgE7yIeBtOn54B6iDzMGXrf7mWvODML+DCN+H8I=",
        "owner": "nix-community",
        "repo": "home-manager",
        "rev": "f754e377dc2da5d34dfea6a5215c21741eaf8930",
        "type": "github"
      },
      "original": {
        "owner": "nix-community",
        "repo": "home-manager",
        "type": "github"
      }
    },
    "nixpkgs": {
      "locked": {
        "lastModified": 1750134718,
        "narHash": "sha256-v263g4GbxXv87hMXMCpjkIxd/viIF7p3JpJrwgKdNiI=",
        "owner": "nixos",
        "repo": "nixpkgs",
        "rev": "9e83b64f727c88a7711a2c463a7b16eedb69a84c",
        "type": "github"
      },
      "original": {
        "owner": "nixos",
        "ref": "nixos-unstable",
        "repo": "nixpkgs",
        "type": "github"
      }
    },
    "root": {
      "inputs": {
        "home-manager": "home-manager",
        "nixpkgs": "nixpkgs",
        "zsh-fzf_tab": "zsh-fzf_tab"
      }
    },
    "zsh-fzf_tab": {
      "flake": false,
      "locked": {
        "lastModified": 1744166198,
        "narHash": "sha256-zc9Sc1WQIbJ132hw73oiS1ExvxCRHagi6vMkCLd4ZhI=",
        "owner": "aloxaf",
        "repo": "fzf-tab",
        "rev": "2abe1f2f1cbcb3d3c6b879d849d683de5688111f",
        "type": "github"
      },
      "original": {
        "owner": "aloxaf",
        "repo": "fzf-tab",
        "type": "github"
      }
    }
  },
  "root": "root",
  "version": 7
}
