{
  "nodes": {
    "home-manager": {
      "inputs": {
        "nixpkgs": [
          "nixpkgs"
        ]
      },
      "locked": {
        "lastModified": 1744400600,
        "narHash": "sha256-qYhUgA98mhq1QK13r9qVY+sG1ri6FBgyp+GApX6wS20=",
        "owner": "nix-community",
        "repo": "home-manager",
        "rev": "b74b22bb6167e8dff083ec6988c98798bf8954d3",
        "type": "github"
      },
      "original": {
        "owner": "nix-community",
        "repo": "home-manager",
        "type": "github"
      }
    },
    "nixpkgs": {
      "locked": {
        "lastModified": 1744232761,
        "narHash": "sha256-gbl9hE39nQRpZaLjhWKmEu5ejtQsgI5TWYrIVVJn30U=",
        "owner": "nixos",
        "repo": "nixpkgs",
        "rev": "f675531bc7e6657c10a18b565cfebd8aa9e24c14",
        "type": "github"
      },
      "original": {
        "owner": "nixos",
        "ref": "nixos-unstable",
        "repo": "nixpkgs",
        "type": "github"
      }
    },
    "root": {
      "inputs": {
        "home-manager": "home-manager",
        "nixpkgs": "nixpkgs",
        "zsh-fzf_tab": "zsh-fzf_tab"
      }
    },
    "zsh-fzf_tab": {
      "flake": false,
      "locked": {
        "lastModified": 1744166198,
        "narHash": "sha256-zc9Sc1WQIbJ132hw73oiS1ExvxCRHagi6vMkCLd4ZhI=",
        "owner": "aloxaf",
        "repo": "fzf-tab",
        "rev": "2abe1f2f1cbcb3d3c6b879d849d683de5688111f",
        "type": "github"
      },
      "original": {
        "owner": "aloxaf",
        "repo": "fzf-tab",
        "type": "github"
      }
    }
  },
  "root": "root",
  "version": 7
}
